// !$*UTF8*$!
{
	archiveVersion = 1;
	classes = {
	};
	objectVersion = 50;
	objects = {

/* Begin PBXBuildFile section */
		374B7AE02507748000BBADE7 /* AppDelegate.swift in Sources */ = {isa = PBXBuildFile; fileRef = 374B7ADF2507748000BBADE7 /* AppDelegate.swift */; };
		374B7AE22507748000BBADE7 /* SceneDelegate.swift in Sources */ = {isa = PBXBuildFile; fileRef = 374B7AE12507748000BBADE7 /* SceneDelegate.swift */; };
		374B7AE42507748000BBADE7 /* TabBarContentView.swift in Sources */ = {isa = PBXBuildFile; fileRef = 374B7AE32507748000BBADE7 /* TabBarContentView.swift */; };
		374B7AE62507748A00BBADE7 /* Assets.xcassets in Resources */ = {isa = PBXBuildFile; fileRef = 374B7AE52507748A00BBADE7 /* Assets.xcassets */; };
		374B7AE92507748A00BBADE7 /* Preview Assets.xcassets in Resources */ = {isa = PBXBuildFile; fileRef = 374B7AE82507748A00BBADE7 /* Preview Assets.xcassets */; };
		374B7AEC2507748A00BBADE7 /* LaunchScreen.storyboard in Resources */ = {isa = PBXBuildFile; fileRef = 374B7AEA2507748A00BBADE7 /* LaunchScreen.storyboard */; };
		374B7AF72507748A00BBADE7 /* YourTaxiTests.swift in Sources */ = {isa = PBXBuildFile; fileRef = 374B7AF62507748A00BBADE7 /* YourTaxiTests.swift */; };
		374B7B072507778A00BBADE7 /* TabBarViews.swift in Sources */ = {isa = PBXBuildFile; fileRef = 374B7B062507778A00BBADE7 /* TabBarViews.swift */; };
		374B7B0D2507782400BBADE7 /* TaxiListBuilder.swift in Sources */ = {isa = PBXBuildFile; fileRef = 374B7B0C2507782400BBADE7 /* TaxiListBuilder.swift */; };
		374B7B0F2507786500BBADE7 /* TaxiListViewModel.swift in Sources */ = {isa = PBXBuildFile; fileRef = 374B7B0E2507786500BBADE7 /* TaxiListViewModel.swift */; };
		374B7B112507789E00BBADE7 /* TaxiListView.swift in Sources */ = {isa = PBXBuildFile; fileRef = 374B7B102507789E00BBADE7 /* TaxiListView.swift */; };
		374B7B152507797800BBADE7 /* SFSymbolName.swift in Sources */ = {isa = PBXBuildFile; fileRef = 374B7B142507797800BBADE7 /* SFSymbolName.swift */; };
		374B7B1925077C6F00BBADE7 /* TaxiListRowView.swift in Sources */ = {isa = PBXBuildFile; fileRef = 374B7B1825077C6F00BBADE7 /* TaxiListRowView.swift */; };
		374B7B1B25077C7C00BBADE7 /* TaxiListRowViewModel.swift in Sources */ = {isa = PBXBuildFile; fileRef = 374B7B1A25077C7C00BBADE7 /* TaxiListRowViewModel.swift */; };
		374B7B1E25077F2800BBADE7 /* TaxiListResponse.swift in Sources */ = {isa = PBXBuildFile; fileRef = 374B7B1D25077F2800BBADE7 /* TaxiListResponse.swift */; };
		374B7B242507879B00BBADE7 /* Decode.swift in Sources */ = {isa = PBXBuildFile; fileRef = 374B7B232507879B00BBADE7 /* Decode.swift */; };
		374B7B26250787DE00BBADE7 /* RemoteManager.swift in Sources */ = {isa = PBXBuildFile; fileRef = 374B7B25250787DE00BBADE7 /* RemoteManager.swift */; };
		374B7B2B25079AC700BBADE7 /* Localizable.strings in Resources */ = {isa = PBXBuildFile; fileRef = 374B7B2D25079AC700BBADE7 /* Localizable.strings */; };
		374B7B3125079BB600BBADE7 /* StringKey.swift in Sources */ = {isa = PBXBuildFile; fileRef = 374B7B3025079BB600BBADE7 /* StringKey.swift */; };
		374B7B3425079C8100BBADE7 /* Localization+Extension.swift in Sources */ = {isa = PBXBuildFile; fileRef = 374B7B3325079C8100BBADE7 /* Localization+Extension.swift */; };
/* End PBXBuildFile section */

/* Begin PBXContainerItemProxy section */
		374B7AF32507748A00BBADE7 /* PBXContainerItemProxy */ = {
			isa = PBXContainerItemProxy;
			containerPortal = 374B7AD42507748000BBADE7 /* Project object */;
			proxyType = 1;
			remoteGlobalIDString = 374B7ADB2507748000BBADE7;
			remoteInfo = YourTaxi;
		};
/* End PBXContainerItemProxy section */

/* Begin PBXFileReference section */
		374B7ADC2507748000BBADE7 /* YourTaxi.app */ = {isa = PBXFileReference; explicitFileType = wrapper.application; includeInIndex = 0; path = YourTaxi.app; sourceTree = BUILT_PRODUCTS_DIR; };
		374B7ADF2507748000BBADE7 /* AppDelegate.swift */ = {isa = PBXFileReference; lastKnownFileType = sourcecode.swift; path = AppDelegate.swift; sourceTree = "<group>"; };
		374B7AE12507748000BBADE7 /* SceneDelegate.swift */ = {isa = PBXFileReference; lastKnownFileType = sourcecode.swift; path = SceneDelegate.swift; sourceTree = "<group>"; };
		374B7AE32507748000BBADE7 /* TabBarContentView.swift */ = {isa = PBXFileReference; lastKnownFileType = sourcecode.swift; path = TabBarContentView.swift; sourceTree = "<group>"; };
		374B7AE52507748A00BBADE7 /* Assets.xcassets */ = {isa = PBXFileReference; lastKnownFileType = folder.assetcatalog; path = Assets.xcassets; sourceTree = "<group>"; };
		374B7AE82507748A00BBADE7 /* Preview Assets.xcassets */ = {isa = PBXFileReference; lastKnownFileType = folder.assetcatalog; path = "Preview Assets.xcassets"; sourceTree = "<group>"; };
		374B7AEB2507748A00BBADE7 /* Base */ = {isa = PBXFileReference; lastKnownFileType = file.storyboard; name = Base; path = Base.lproj/LaunchScreen.storyboard; sourceTree = "<group>"; };
		374B7AED2507748A00BBADE7 /* Info.plist */ = {isa = PBXFileReference; lastKnownFileType = text.plist.xml; path = Info.plist; sourceTree = "<group>"; };
		374B7AF22507748A00BBADE7 /* YourTaxiTests.xctest */ = {isa = PBXFileReference; explicitFileType = wrapper.cfbundle; includeInIndex = 0; path = YourTaxiTests.xctest; sourceTree = BUILT_PRODUCTS_DIR; };
		374B7AF62507748A00BBADE7 /* YourTaxiTests.swift */ = {isa = PBXFileReference; lastKnownFileType = sourcecode.swift; path = YourTaxiTests.swift; sourceTree = "<group>"; };
		374B7AF82507748A00BBADE7 /* Info.plist */ = {isa = PBXFileReference; lastKnownFileType = text.plist.xml; path = Info.plist; sourceTree = "<group>"; };
		374B7B062507778A00BBADE7 /* TabBarViews.swift */ = {isa = PBXFileReference; lastKnownFileType = sourcecode.swift; path = TabBarViews.swift; sourceTree = "<group>"; };
		374B7B0C2507782400BBADE7 /* TaxiListBuilder.swift */ = {isa = PBXFileReference; lastKnownFileType = sourcecode.swift; path = TaxiListBuilder.swift; sourceTree = "<group>"; };
		374B7B0E2507786500BBADE7 /* TaxiListViewModel.swift */ = {isa = PBXFileReference; lastKnownFileType = sourcecode.swift; path = TaxiListViewModel.swift; sourceTree = "<group>"; };
		374B7B102507789E00BBADE7 /* TaxiListView.swift */ = {isa = PBXFileReference; lastKnownFileType = sourcecode.swift; path = TaxiListView.swift; sourceTree = "<group>"; };
		374B7B142507797800BBADE7 /* SFSymbolName.swift */ = {isa = PBXFileReference; lastKnownFileType = sourcecode.swift; path = SFSymbolName.swift; sourceTree = "<group>"; };
		374B7B1825077C6F00BBADE7 /* TaxiListRowView.swift */ = {isa = PBXFileReference; lastKnownFileType = sourcecode.swift; path = TaxiListRowView.swift; sourceTree = "<group>"; };
		374B7B1A25077C7C00BBADE7 /* TaxiListRowViewModel.swift */ = {isa = PBXFileReference; lastKnownFileType = sourcecode.swift; path = TaxiListRowViewModel.swift; sourceTree = "<group>"; };
		374B7B1D25077F2800BBADE7 /* TaxiListResponse.swift */ = {isa = PBXFileReference; lastKnownFileType = sourcecode.swift; path = TaxiListResponse.swift; sourceTree = "<group>"; };
		374B7B232507879B00BBADE7 /* Decode.swift */ = {isa = PBXFileReference; lastKnownFileType = sourcecode.swift; path = Decode.swift; sourceTree = "<group>"; };
		374B7B25250787DE00BBADE7 /* RemoteManager.swift */ = {isa = PBXFileReference; lastKnownFileType = sourcecode.swift; path = RemoteManager.swift; sourceTree = "<group>"; };
		374B7B2C25079AC700BBADE7 /* en */ = {isa = PBXFileReference; lastKnownFileType = text.plist.strings; name = en; path = en.lproj/Localizable.strings; sourceTree = "<group>"; };
		374B7B2E25079AD900BBADE7 /* es */ = {isa = PBXFileReference; lastKnownFileType = text.plist.strings; name = es; path = es.lproj/Localizable.strings; sourceTree = "<group>"; };
		374B7B3025079BB600BBADE7 /* StringKey.swift */ = {isa = PBXFileReference; lastKnownFileType = sourcecode.swift; path = StringKey.swift; sourceTree = "<group>"; };
		374B7B3325079C8100BBADE7 /* Localization+Extension.swift */ = {isa = PBXFileReference; lastKnownFileType = sourcecode.swift; path = "Localization+Extension.swift"; sourceTree = "<group>"; };
/* End PBXFileReference section */

/* Begin PBXFrameworksBuildPhase section */
		374B7AD92507748000BBADE7 /* Frameworks */ = {
			isa = PBXFrameworksBuildPhase;
			buildActionMask = 2147483647;
			files = (
			);
			runOnlyForDeploymentPostprocessing = 0;
		};
		374B7AEF2507748A00BBADE7 /* Frameworks */ = {
			isa = PBXFrameworksBuildPhase;
			buildActionMask = 2147483647;
			files = (
			);
			runOnlyForDeploymentPostprocessing = 0;
		};
/* End PBXFrameworksBuildPhase section */

/* Begin PBXGroup section */
		374B7AD32507748000BBADE7 = {
			isa = PBXGroup;
			children = (
				374B7ADE2507748000BBADE7 /* YourTaxi */,
				374B7AF52507748A00BBADE7 /* YourTaxiTests */,
				374B7ADD2507748000BBADE7 /* Products */,
			);
			sourceTree = "<group>";
		};
		374B7ADD2507748000BBADE7 /* Products */ = {
			isa = PBXGroup;
			children = (
				374B7ADC2507748000BBADE7 /* YourTaxi.app */,
				374B7AF22507748A00BBADE7 /* YourTaxiTests.xctest */,
			);
			name = Products;
			sourceTree = "<group>";
		};
		374B7ADE2507748000BBADE7 /* YourTaxi */ = {
			isa = PBXGroup;
			children = (
				374B7B012507762F00BBADE7 /* Source */,
				374B7B27250799A800BBADE7 /* Resource */,
				374B7AED2507748A00BBADE7 /* Info.plist */,
				374B7AE72507748A00BBADE7 /* Preview Content */,
			);
			path = YourTaxi;
			sourceTree = "<group>";
		};
		374B7AE72507748A00BBADE7 /* Preview Content */ = {
			isa = PBXGroup;
			children = (
				374B7AE82507748A00BBADE7 /* Preview Assets.xcassets */,
			);
			path = "Preview Content";
			sourceTree = "<group>";
		};
		374B7AF52507748A00BBADE7 /* YourTaxiTests */ = {
			isa = PBXGroup;
			children = (
				374B7AF62507748A00BBADE7 /* YourTaxiTests.swift */,
				374B7AF82507748A00BBADE7 /* Info.plist */,
			);
			path = YourTaxiTests;
			sourceTree = "<group>";
		};
		374B7B012507762F00BBADE7 /* Source */ = {
			isa = PBXGroup;
			children = (
				374B7B28250799C200BBADE7 /* SceneDelegate */,
				374B7B022507763E00BBADE7 /* Features */,
				374B7B122507794500BBADE7 /* Common */,
			);
			path = Source;
			sourceTree = "<group>";
		};
		374B7B022507763E00BBADE7 /* Features */ = {
			isa = PBXGroup;
			children = (
				374B7B03250776D700BBADE7 /* TabBar */,
				374B7B042507773700BBADE7 /* TaxiList */,
				374B7B052507775D00BBADE7 /* TaxiMap */,
			);
			path = Features;
			sourceTree = "<group>";
		};
		374B7B03250776D700BBADE7 /* TabBar */ = {
			isa = PBXGroup;
			children = (
				374B7AE32507748000BBADE7 /* TabBarContentView.swift */,
				374B7B062507778A00BBADE7 /* TabBarViews.swift */,
			);
			path = TabBar;
			sourceTree = "<group>";
		};
		374B7B042507773700BBADE7 /* TaxiList */ = {
			isa = PBXGroup;
			children = (
				374B7B0B2507780100BBADE7 /* Builder */,
				374B7B0A250777F700BBADE7 /* View */,
				374B7B09250777ED00BBADE7 /* ViewModel */,
				374B7B08250777DD00BBADE7 /* TaxiListRow */,
			);
			path = TaxiList;
			sourceTree = "<group>";
		};
		374B7B052507775D00BBADE7 /* TaxiMap */ = {
			isa = PBXGroup;
			children = (
			);
			path = TaxiMap;
			sourceTree = "<group>";
		};
		374B7B08250777DD00BBADE7 /* TaxiListRow */ = {
			isa = PBXGroup;
			children = (
				374B7B1725077C2E00BBADE7 /* View */,
				374B7B1625077C2500BBADE7 /* ViewModel */,
			);
			path = TaxiListRow;
			sourceTree = "<group>";
		};
		374B7B09250777ED00BBADE7 /* ViewModel */ = {
			isa = PBXGroup;
			children = (
				374B7B0E2507786500BBADE7 /* TaxiListViewModel.swift */,
			);
			path = ViewModel;
			sourceTree = "<group>";
		};
		374B7B0A250777F700BBADE7 /* View */ = {
			isa = PBXGroup;
			children = (
				374B7B102507789E00BBADE7 /* TaxiListView.swift */,
			);
			path = View;
			sourceTree = "<group>";
		};
		374B7B0B2507780100BBADE7 /* Builder */ = {
			isa = PBXGroup;
			children = (
				374B7B0C2507782400BBADE7 /* TaxiListBuilder.swift */,
			);
			path = Builder;
			sourceTree = "<group>";
		};
		374B7B122507794500BBADE7 /* Common */ = {
			isa = PBXGroup;
			children = (
				374B7B3225079C6900BBADE7 /* Extensions */,
				374B7B2F25079B9000BBADE7 /* StringKey */,
				374B7B212507876300BBADE7 /* APIService */,
				374B7B132507796200BBADE7 /* SFSymbols */,
			);
			path = Common;
			sourceTree = "<group>";
		};
		374B7B132507796200BBADE7 /* SFSymbols */ = {
			isa = PBXGroup;
			children = (
				374B7B142507797800BBADE7 /* SFSymbolName.swift */,
			);
			path = SFSymbols;
			sourceTree = "<group>";
		};
		374B7B1625077C2500BBADE7 /* ViewModel */ = {
			isa = PBXGroup;
			children = (
				374B7B1A25077C7C00BBADE7 /* TaxiListRowViewModel.swift */,
			);
			path = ViewModel;
			sourceTree = "<group>";
		};
		374B7B1725077C2E00BBADE7 /* View */ = {
			isa = PBXGroup;
			children = (
				374B7B1825077C6F00BBADE7 /* TaxiListRowView.swift */,
			);
			path = View;
			sourceTree = "<group>";
		};
		374B7B1C25077F0600BBADE7 /* ServiceResponse */ = {
			isa = PBXGroup;
			children = (
				374B7B1D25077F2800BBADE7 /* TaxiListResponse.swift */,
			);
			path = ServiceResponse;
			sourceTree = "<group>";
		};
		374B7B202507871300BBADE7 /* RemoteManager */ = {
			isa = PBXGroup;
			children = (
				374B7B25250787DE00BBADE7 /* RemoteManager.swift */,
			);
			path = RemoteManager;
			sourceTree = "<group>";
		};
		374B7B212507876300BBADE7 /* APIService */ = {
			isa = PBXGroup;
			children = (
				374B7B222507877700BBADE7 /* Parsing */,
				374B7B1C25077F0600BBADE7 /* ServiceResponse */,
				374B7B202507871300BBADE7 /* RemoteManager */,
			);
			path = APIService;
			sourceTree = "<group>";
		};
		374B7B222507877700BBADE7 /* Parsing */ = {
			isa = PBXGroup;
			children = (
				374B7B232507879B00BBADE7 /* Decode.swift */,
			);
			path = Parsing;
			sourceTree = "<group>";
		};
		374B7B27250799A800BBADE7 /* Resource */ = {
			isa = PBXGroup;
			children = (
				374B7AE52507748A00BBADE7 /* Assets.xcassets */,
				374B7B2D25079AC700BBADE7 /* Localizable.strings */,
			);
			path = Resource;
			sourceTree = "<group>";
		};
		374B7B28250799C200BBADE7 /* SceneDelegate */ = {
			isa = PBXGroup;
			children = (
				374B7ADF2507748000BBADE7 /* AppDelegate.swift */,
				374B7AE12507748000BBADE7 /* SceneDelegate.swift */,
				374B7AEA2507748A00BBADE7 /* LaunchScreen.storyboard */,
			);
			path = SceneDelegate;
			sourceTree = "<group>";
		};
		374B7B2F25079B9000BBADE7 /* StringKey */ = {
			isa = PBXGroup;
			children = (
				374B7B3025079BB600BBADE7 /* StringKey.swift */,
			);
			path = StringKey;
			sourceTree = "<group>";
		};
		374B7B3225079C6900BBADE7 /* Extensions */ = {
			isa = PBXGroup;
			children = (
				374B7B3325079C8100BBADE7 /* Localization+Extension.swift */,
			);
			path = Extensions;
			sourceTree = "<group>";
		};
/* End PBXGroup section */

/* Begin PBXNativeTarget section */
		374B7ADB2507748000BBADE7 /* YourTaxi */ = {
			isa = PBXNativeTarget;
			buildConfigurationList = 374B7AFB2507748A00BBADE7 /* Build configuration list for PBXNativeTarget "YourTaxi" */;
			buildPhases = (
				374B7AD82507748000BBADE7 /* Sources */,
				374B7AD92507748000BBADE7 /* Frameworks */,
				374B7ADA2507748000BBADE7 /* Resources */,
			);
			buildRules = (
			);
			dependencies = (
			);
			name = YourTaxi;
			productName = YourTaxi;
			productReference = 374B7ADC2507748000BBADE7 /* YourTaxi.app */;
			productType = "com.apple.product-type.application";
		};
		374B7AF12507748A00BBADE7 /* YourTaxiTests */ = {
			isa = PBXNativeTarget;
			buildConfigurationList = 374B7AFE2507748A00BBADE7 /* Build configuration list for PBXNativeTarget "YourTaxiTests" */;
			buildPhases = (
				374B7AEE2507748A00BBADE7 /* Sources */,
				374B7AEF2507748A00BBADE7 /* Frameworks */,
				374B7AF02507748A00BBADE7 /* Resources */,
			);
			buildRules = (
			);
			dependencies = (
				374B7AF42507748A00BBADE7 /* PBXTargetDependency */,
			);
			name = YourTaxiTests;
			productName = YourTaxiTests;
			productReference = 374B7AF22507748A00BBADE7 /* YourTaxiTests.xctest */;
			productType = "com.apple.product-type.bundle.unit-test";
		};
/* End PBXNativeTarget section */

/* Begin PBXProject section */
		374B7AD42507748000BBADE7 /* Project object */ = {
			isa = PBXProject;
			attributes = {
				LastSwiftUpdateCheck = 1160;
				LastUpgradeCheck = 1160;
				ORGANIZATIONNAME = EnricPou;
				TargetAttributes = {
					374B7ADB2507748000BBADE7 = {
						CreatedOnToolsVersion = 11.6;
					};
					374B7AF12507748A00BBADE7 = {
						CreatedOnToolsVersion = 11.6;
						TestTargetID = 374B7ADB2507748000BBADE7;
					};
				};
			};
			buildConfigurationList = 374B7AD72507748000BBADE7 /* Build configuration list for PBXProject "YourTaxi" */;
			compatibilityVersion = "Xcode 9.3";
			developmentRegion = en;
			hasScannedForEncodings = 0;
			knownRegions = (
				en,
				Base,
				es,
			);
			mainGroup = 374B7AD32507748000BBADE7;
			productRefGroup = 374B7ADD2507748000BBADE7 /* Products */;
			projectDirPath = "";
			projectRoot = "";
			targets = (
				374B7ADB2507748000BBADE7 /* YourTaxi */,
				374B7AF12507748A00BBADE7 /* YourTaxiTests */,
			);
		};
/* End PBXProject section */

/* Begin PBXResourcesBuildPhase section */
		374B7ADA2507748000BBADE7 /* Resources */ = {
			isa = PBXResourcesBuildPhase;
			buildActionMask = 2147483647;
			files = (
				374B7AEC2507748A00BBADE7 /* LaunchScreen.storyboard in Resources */,
				374B7B2B25079AC700BBADE7 /* Localizable.strings in Resources */,
				374B7AE92507748A00BBADE7 /* Preview Assets.xcassets in Resources */,
				374B7AE62507748A00BBADE7 /* Assets.xcassets in Resources */,
			);
			runOnlyForDeploymentPostprocessing = 0;
		};
		374B7AF02507748A00BBADE7 /* Resources */ = {
			isa = PBXResourcesBuildPhase;
			buildActionMask = 2147483647;
			files = (
			);
			runOnlyForDeploymentPostprocessing = 0;
		};
/* End PBXResourcesBuildPhase section */

/* Begin PBXSourcesBuildPhase section */
		374B7AD82507748000BBADE7 /* Sources */ = {
			isa = PBXSourcesBuildPhase;
			buildActionMask = 2147483647;
			files = (
				374B7B3425079C8100BBADE7 /* Localization+Extension.swift in Sources */,
				374B7B1925077C6F00BBADE7 /* TaxiListRowView.swift in Sources */,
				374B7B0F2507786500BBADE7 /* TaxiListViewModel.swift in Sources */,
				374B7AE02507748000BBADE7 /* AppDelegate.swift in Sources */,
				374B7B1B25077C7C00BBADE7 /* TaxiListRowViewModel.swift in Sources */,
				374B7AE22507748000BBADE7 /* SceneDelegate.swift in Sources */,
				374B7B26250787DE00BBADE7 /* RemoteManager.swift in Sources */,
				374B7B3125079BB600BBADE7 /* StringKey.swift in Sources */,
				374B7B112507789E00BBADE7 /* TaxiListView.swift in Sources */,
				374B7B072507778A00BBADE7 /* TabBarViews.swift in Sources */,
				374B7B242507879B00BBADE7 /* Decode.swift in Sources */,
				374B7B1E25077F2800BBADE7 /* TaxiListResponse.swift in Sources */,
				374B7B152507797800BBADE7 /* SFSymbolName.swift in Sources */,
				374B7AE42507748000BBADE7 /* TabBarContentView.swift in Sources */,
				374B7B0D2507782400BBADE7 /* TaxiListBuilder.swift in Sources */,
			);
			runOnlyForDeploymentPostprocessing = 0;
		};
		374B7AEE2507748A00BBADE7 /* Sources */ = {
			isa = PBXSourcesBuildPhase;
			buildActionMask = 2147483647;
			files = (
				374B7AF72507748A00BBADE7 /* YourTaxiTests.swift in Sources */,
			);
			runOnlyForDeploymentPostprocessing = 0;
		};
/* End PBXSourcesBuildPhase section */

/* Begin PBXTargetDependency section */
		374B7AF42507748A00BBADE7 /* PBXTargetDependency */ = {
			isa = PBXTargetDependency;
			target = 374B7ADB2507748000BBADE7 /* YourTaxi */;
			targetProxy = 374B7AF32507748A00BBADE7 /* PBXContainerItemProxy */;
		};
/* End PBXTargetDependency section */

/* Begin PBXVariantGroup section */
		374B7AEA2507748A00BBADE7 /* LaunchScreen.storyboard */ = {
			isa = PBXVariantGroup;
			children = (
				374B7AEB2507748A00BBADE7 /* Base */,
			);
			name = LaunchScreen.storyboard;
			sourceTree = "<group>";
		};
		374B7B2D25079AC700BBADE7 /* Localizable.strings */ = {
			isa = PBXVariantGroup;
			children = (
				374B7B2C25079AC700BBADE7 /* en */,
				374B7B2E25079AD900BBADE7 /* es */,
			);
			name = Localizable.strings;
			sourceTree = "<group>";
		};
/* End PBXVariantGroup section */

/* Begin XCBuildConfiguration section */
		374B7AF92507748A00BBADE7 /* Debug */ = {
			isa = XCBuildConfiguration;
			buildSettings = {
				ALWAYS_SEARCH_USER_PATHS = NO;
				CLANG_ANALYZER_LOCALIZABILITY_NONLOCALIZED = YES;
				CLANG_ANALYZER_NONNULL = YES;
				CLANG_ANALYZER_NUMBER_OBJECT_CONVERSION = YES_AGGRESSIVE;
				CLANG_CXX_LANGUAGE_STANDARD = "gnu++14";
				CLANG_CXX_LIBRARY = "libc++";
				CLANG_ENABLE_MODULES = YES;
				CLANG_ENABLE_OBJC_ARC = YES;
				CLANG_ENABLE_OBJC_WEAK = YES;
				CLANG_WARN_BLOCK_CAPTURE_AUTORELEASING = YES;
				CLANG_WARN_BOOL_CONVERSION = YES;
				CLANG_WARN_COMMA = YES;
				CLANG_WARN_CONSTANT_CONVERSION = YES;
				CLANG_WARN_DEPRECATED_OBJC_IMPLEMENTATIONS = YES;
				CLANG_WARN_DIRECT_OBJC_ISA_USAGE = YES_ERROR;
				CLANG_WARN_DOCUMENTATION_COMMENTS = YES;
				CLANG_WARN_EMPTY_BODY = YES;
				CLANG_WARN_ENUM_CONVERSION = YES;
				CLANG_WARN_INFINITE_RECURSION = YES;
				CLANG_WARN_INT_CONVERSION = YES;
				CLANG_WARN_NON_LITERAL_NULL_CONVERSION = YES;
				CLANG_WARN_OBJC_IMPLICIT_RETAIN_SELF = YES;
				CLANG_WARN_OBJC_LITERAL_CONVERSION = YES;
				CLANG_WARN_OBJC_ROOT_CLASS = YES_ERROR;
				CLANG_WARN_RANGE_LOOP_ANALYSIS = YES;
				CLANG_WARN_STRICT_PROTOTYPES = YES;
				CLANG_WARN_SUSPICIOUS_MOVE = YES;
				CLANG_WARN_UNGUARDED_AVAILABILITY = YES_AGGRESSIVE;
				CLANG_WARN_UNREACHABLE_CODE = YES;
				CLANG_WARN__DUPLICATE_METHOD_MATCH = YES;
				COPY_PHASE_STRIP = NO;
				DEBUG_INFORMATION_FORMAT = dwarf;
				ENABLE_STRICT_OBJC_MSGSEND = YES;
				ENABLE_TESTABILITY = YES;
				GCC_C_LANGUAGE_STANDARD = gnu11;
				GCC_DYNAMIC_NO_PIC = NO;
				GCC_NO_COMMON_BLOCKS = YES;
				GCC_OPTIMIZATION_LEVEL = 0;
				GCC_PREPROCESSOR_DEFINITIONS = (
					"DEBUG=1",
					"$(inherited)",
				);
				GCC_WARN_64_TO_32_BIT_CONVERSION = YES;
				GCC_WARN_ABOUT_RETURN_TYPE = YES_ERROR;
				GCC_WARN_UNDECLARED_SELECTOR = YES;
				GCC_WARN_UNINITIALIZED_AUTOS = YES_AGGRESSIVE;
				GCC_WARN_UNUSED_FUNCTION = YES;
				GCC_WARN_UNUSED_VARIABLE = YES;
				IPHONEOS_DEPLOYMENT_TARGET = 13.6;
				MTL_ENABLE_DEBUG_INFO = INCLUDE_SOURCE;
				MTL_FAST_MATH = YES;
				ONLY_ACTIVE_ARCH = YES;
				SDKROOT = iphoneos;
				SWIFT_ACTIVE_COMPILATION_CONDITIONS = DEBUG;
				SWIFT_OPTIMIZATION_LEVEL = "-Onone";
			};
			name = Debug;
		};
		374B7AFA2507748A00BBADE7 /* Release */ = {
			isa = XCBuildConfiguration;
			buildSettings = {
				ALWAYS_SEARCH_USER_PATHS = NO;
				CLANG_ANALYZER_LOCALIZABILITY_NONLOCALIZED = YES;
				CLANG_ANALYZER_NONNULL = YES;
				CLANG_ANALYZER_NUMBER_OBJECT_CONVERSION = YES_AGGRESSIVE;
				CLANG_CXX_LANGUAGE_STANDARD = "gnu++14";
				CLANG_CXX_LIBRARY = "libc++";
				CLANG_ENABLE_MODULES = YES;
				CLANG_ENABLE_OBJC_ARC = YES;
				CLANG_ENABLE_OBJC_WEAK = YES;
				CLANG_WARN_BLOCK_CAPTURE_AUTORELEASING = YES;
				CLANG_WARN_BOOL_CONVERSION = YES;
				CLANG_WARN_COMMA = YES;
				CLANG_WARN_CONSTANT_CONVERSION = YES;
				CLANG_WARN_DEPRECATED_OBJC_IMPLEMENTATIONS = YES;
				CLANG_WARN_DIRECT_OBJC_ISA_USAGE = YES_ERROR;
				CLANG_WARN_DOCUMENTATION_COMMENTS = YES;
				CLANG_WARN_EMPTY_BODY = YES;
				CLANG_WARN_ENUM_CONVERSION = YES;
				CLANG_WARN_INFINITE_RECURSION = YES;
				CLANG_WARN_INT_CONVERSION = YES;
				CLANG_WARN_NON_LITERAL_NULL_CONVERSION = YES;
				CLANG_WARN_OBJC_IMPLICIT_RETAIN_SELF = YES;
				CLANG_WARN_OBJC_LITERAL_CONVERSION = YES;
				CLANG_WARN_OBJC_ROOT_CLASS = YES_ERROR;
				CLANG_WARN_RANGE_LOOP_ANALYSIS = YES;
				CLANG_WARN_STRICT_PROTOTYPES = YES;
				CLANG_WARN_SUSPICIOUS_MOVE = YES;
				CLANG_WARN_UNGUARDED_AVAILABILITY = YES_AGGRESSIVE;
				CLANG_WARN_UNREACHABLE_CODE = YES;
				CLANG_WARN__DUPLICATE_METHOD_MATCH = YES;
				COPY_PHASE_STRIP = NO;
				DEBUG_INFORMATION_FORMAT = "dwarf-with-dsym";
				ENABLE_NS_ASSERTIONS = NO;
				ENABLE_STRICT_OBJC_MSGSEND = YES;
				GCC_C_LANGUAGE_STANDARD = gnu11;
				GCC_NO_COMMON_BLOCKS = YES;
				GCC_WARN_64_TO_32_BIT_CONVERSION = YES;
				GCC_WARN_ABOUT_RETURN_TYPE = YES_ERROR;
				GCC_WARN_UNDECLARED_SELECTOR = YES;
				GCC_WARN_UNINITIALIZED_AUTOS = YES_AGGRESSIVE;
				GCC_WARN_UNUSED_FUNCTION = YES;
				GCC_WARN_UNUSED_VARIABLE = YES;
				IPHONEOS_DEPLOYMENT_TARGET = 13.6;
				MTL_ENABLE_DEBUG_INFO = NO;
				MTL_FAST_MATH = YES;
				SDKROOT = iphoneos;
				SWIFT_COMPILATION_MODE = wholemodule;
				SWIFT_OPTIMIZATION_LEVEL = "-O";
				VALIDATE_PRODUCT = YES;
			};
			name = Release;
		};
		374B7AFC2507748A00BBADE7 /* Debug */ = {
			isa = XCBuildConfiguration;
			buildSettings = {
				ASSETCATALOG_COMPILER_APPICON_NAME = AppIcon;
				CODE_SIGN_STYLE = Automatic;
				DEVELOPMENT_ASSET_PATHS = "\"YourTaxi/Preview Content\"";
				DEVELOPMENT_TEAM = DU4SSYH2B5;
				ENABLE_PREVIEWS = YES;
				INFOPLIST_FILE = YourTaxi/Info.plist;
				LD_RUNPATH_SEARCH_PATHS = (
					"$(inherited)",
					"@executable_path/Frameworks",
				);
				PRODUCT_BUNDLE_IDENTIFIER = EnricPou.YourTaxi;
				PRODUCT_NAME = "$(TARGET_NAME)";
				SWIFT_VERSION = 5.0;
				TARGETED_DEVICE_FAMILY = "1,2";
			};
			name = Debug;
		};
		374B7AFD2507748A00BBADE7 /* Release */ = {
			isa = XCBuildConfiguration;
			buildSettings = {
				ASSETCATALOG_COMPILER_APPICON_NAME = AppIcon;
				CODE_SIGN_STYLE = Automatic;
				DEVELOPMENT_ASSET_PATHS = "\"YourTaxi/Preview Content\"";
				DEVELOPMENT_TEAM = DU4SSYH2B5;
				ENABLE_PREVIEWS = YES;
				INFOPLIST_FILE = YourTaxi/Info.plist;
				LD_RUNPATH_SEARCH_PATHS = (
					"$(inherited)",
					"@executable_path/Frameworks",
				);
				PRODUCT_BUNDLE_IDENTIFIER = EnricPou.YourTaxi;
				PRODUCT_NAME = "$(TARGET_NAME)";
				SWIFT_VERSION = 5.0;
				TARGETED_DEVICE_FAMILY = "1,2";
			};
			name = Release;
		};
		374B7AFF2507748A00BBADE7 /* Debug */ = {
			isa = XCBuildConfiguration;
			buildSettings = {
				ALWAYS_EMBED_SWIFT_STANDARD_LIBRARIES = YES;
				BUNDLE_LOADER = "$(TEST_HOST)";
				CODE_SIGN_STYLE = Automatic;
				DEVELOPMENT_TEAM = DU4SSYH2B5;
				INFOPLIST_FILE = YourTaxiTests/Info.plist;
				IPHONEOS_DEPLOYMENT_TARGET = 13.6;
				LD_RUNPATH_SEARCH_PATHS = (
					"$(inherited)",
					"@executable_path/Frameworks",
					"@loader_path/Frameworks",
				);
				PRODUCT_BUNDLE_IDENTIFIER = EnricPou.YourTaxiTests;
				PRODUCT_NAME = "$(TARGET_NAME)";
				SWIFT_VERSION = 5.0;
				TARGETED_DEVICE_FAMILY = "1,2";
				TEST_HOST = "$(BUILT_PRODUCTS_DIR)/YourTaxi.app/YourTaxi";
			};
			name = Debug;
		};
		374B7B002507748A00BBADE7 /* Release */ = {
			isa = XCBuildConfiguration;
			buildSettings = {
				ALWAYS_EMBED_SWIFT_STANDARD_LIBRARIES = YES;
				BUNDLE_LOADER = "$(TEST_HOST)";
				CODE_SIGN_STYLE = Automatic;
				DEVELOPMENT_TEAM = DU4SSYH2B5;
				INFOPLIST_FILE = YourTaxiTests/Info.plist;
				IPHONEOS_DEPLOYMENT_TARGET = 13.6;
				LD_RUNPATH_SEARCH_PATHS = (
					"$(inherited)",
					"@executable_path/Frameworks",
					"@loader_path/Frameworks",
				);
				PRODUCT_BUNDLE_IDENTIFIER = EnricPou.YourTaxiTests;
				PRODUCT_NAME = "$(TARGET_NAME)";
				SWIFT_VERSION = 5.0;
				TARGETED_DEVICE_FAMILY = "1,2";
				TEST_HOST = "$(BUILT_PRODUCTS_DIR)/YourTaxi.app/YourTaxi";
			};
			name = Release;
		};
/* End XCBuildConfiguration section */

/* Begin XCConfigurationList section */
		374B7AD72507748000BBADE7 /* Build configuration list for PBXProject "YourTaxi" */ = {
			isa = XCConfigurationList;
			buildConfigurations = (
				374B7AF92507748A00BBADE7 /* Debug */,
				374B7AFA2507748A00BBADE7 /* Release */,
			);
			defaultConfigurationIsVisible = 0;
			defaultConfigurationName = Release;
		};
		374B7AFB2507748A00BBADE7 /* Build configuration list for PBXNativeTarget "YourTaxi" */ = {
			isa = XCConfigurationList;
			buildConfigurations = (
				374B7AFC2507748A00BBADE7 /* Debug */,
				374B7AFD2507748A00BBADE7 /* Release */,
			);
			defaultConfigurationIsVisible = 0;
			defaultConfigurationName = Release;
		};
		374B7AFE2507748A00BBADE7 /* Build configuration list for PBXNativeTarget "YourTaxiTests" */ = {
			isa = XCConfigurationList;
			buildConfigurations = (
				374B7AFF2507748A00BBADE7 /* Debug */,
				374B7B002507748A00BBADE7 /* Release */,
			);
			defaultConfigurationIsVisible = 0;
			defaultConfigurationName = Release;
		};
/* End XCConfigurationList section */
	};
	rootObject = 374B7AD42507748000BBADE7 /* Project object */;
}
